// !$*UTF8*$!
{
	archiveVersion = 1;
	classes = {
	};
	objectVersion = 46;
	objects = {

/* Begin PBXBuildFile section */
		464B52A617D8D606000BC72F /* EGORefreshTableHeaderView.m in Sources */ = {isa = PBXBuildFile; fileRef = 464B52A117D8D606000BC72F /* EGORefreshTableHeaderView.m */; settings = {COMPILER_FLAGS = "-fno-objc-arc"; }; };
		464B52A717D8D606000BC72F /* Tool.m in Sources */ = {isa = PBXBuildFile; fileRef = 464B52A317D8D606000BC72F /* Tool.m */; };
		464B52AA17D8D6B8000BC72F /* AudioToolbox.framework in Frameworks */ = {isa = PBXBuildFile; fileRef = 464B52A917D8D6B8000BC72F /* AudioToolbox.framework */; };
		464B533D17D8DEBC000BC72F /* AVCamCaptureManager.m in Sources */ = {isa = PBXBuildFile; fileRef = 464B531E17D8DEBC000BC72F /* AVCamCaptureManager.m */; settings = {COMPILER_FLAGS = "-fno-objc-arc"; }; };
		464B533E17D8DEBC000BC72F /* AVCamRecorder.m in Sources */ = {isa = PBXBuildFile; fileRef = 464B532017D8DEBC000BC72F /* AVCamRecorder.m */; settings = {COMPILER_FLAGS = "-fno-objc-arc"; }; };
		464B533F17D8DEBC000BC72F /* AVCamUtilities.m in Sources */ = {isa = PBXBuildFile; fileRef = 464B532217D8DEBC000BC72F /* AVCamUtilities.m */; settings = {COMPILER_FLAGS = "-fno-objc-arc"; }; };
		464B535817D8DEBC000BC72F /* VenoCameraViewController.m in Sources */ = {isa = PBXBuildFile; fileRef = 464B533C17D8DEBC000BC72F /* VenoCameraViewController.m */; };
		464CBFEB17D985B2006A7250 /* ActionCancelDefault.png in Resources */ = {isa = PBXBuildFile; fileRef = 464CBFD917D985B2006A7250 /* ActionCancelDefault.png */; };
		464CBFEC17D985B2006A7250 /* ActionCancelDefault@2x.png in Resources */ = {isa = PBXBuildFile; fileRef = 464CBFDA17D985B2006A7250 /* ActionCancelDefault@2x.png */; };
		464CBFED17D985B2006A7250 /* ActionCancelPressed.png in Resources */ = {isa = PBXBuildFile; fileRef = 464CBFDB17D985B2006A7250 /* ActionCancelPressed.png */; };
		464CBFEE17D985B2006A7250 /* ActionCancelPressed@2x.png in Resources */ = {isa = PBXBuildFile; fileRef = 464CBFDC17D985B2006A7250 /* ActionCancelPressed@2x.png */; };
		464CBFEF17D985B2006A7250 /* ActionDoneDisabled.png in Resources */ = {isa = PBXBuildFile; fileRef = 464CBFDD17D985B2006A7250 /* ActionDoneDisabled.png */; };
		464CBFF017D985B2006A7250 /* ActionDoneDisabled@2x.png in Resources */ = {isa = PBXBuildFile; fileRef = 464CBFDE17D985B2006A7250 /* ActionDoneDisabled@2x.png */; };
		464CBFF117D985B2006A7250 /* ActionDoneEnabled.png in Resources */ = {isa = PBXBuildFile; fileRef = 464CBFDF17D985B2006A7250 /* ActionDoneEnabled.png */; };
		464CBFF217D985B2006A7250 /* ActionDoneEnabled@2x.png in Resources */ = {isa = PBXBuildFile; fileRef = 464CBFE017D985B2006A7250 /* ActionDoneEnabled@2x.png */; };
		464CBFF317D985B2006A7250 /* ActionDonePressed.png in Resources */ = {isa = PBXBuildFile; fileRef = 464CBFE117D985B2006A7250 /* ActionDonePressed.png */; };
		464CBFF417D985B2006A7250 /* ActionDonePressed@2x.png in Resources */ = {isa = PBXBuildFile; fileRef = 464CBFE217D985B2006A7250 /* ActionDonePressed@2x.png */; };
		464CBFF517D985B2006A7250 /* LastViewDefault.png in Resources */ = {isa = PBXBuildFile; fileRef = 464CBFE317D985B2006A7250 /* LastViewDefault.png */; };
		464CBFF617D985B2006A7250 /* LastViewDefault@2x.png in Resources */ = {isa = PBXBuildFile; fileRef = 464CBFE417D985B2006A7250 /* LastViewDefault@2x.png */; };
		464CBFF717D985B2006A7250 /* ShootCamerasDefault.png in Resources */ = {isa = PBXBuildFile; fileRef = 464CBFE517D985B2006A7250 /* ShootCamerasDefault.png */; };
		464CBFF817D985B2006A7250 /* ShootCamerasDefault@2x.png in Resources */ = {isa = PBXBuildFile; fileRef = 464CBFE617D985B2006A7250 /* ShootCamerasDefault@2x.png */; };
		464CBFF917D985B2006A7250 /* ShootFocusDefault.png in Resources */ = {isa = PBXBuildFile; fileRef = 464CBFE717D985B2006A7250 /* ShootFocusDefault.png */; };
		464CBFFA17D985B2006A7250 /* ShootFocusDefault@2x.png in Resources */ = {isa = PBXBuildFile; fileRef = 464CBFE817D985B2006A7250 /* ShootFocusDefault@2x.png */; };
		464CBFFB17D985B2006A7250 /* ShootFrameDefault.png in Resources */ = {isa = PBXBuildFile; fileRef = 464CBFE917D985B2006A7250 /* ShootFrameDefault.png */; };
		464CBFFC17D985B2006A7250 /* ShootFrameDefault@2x.png in Resources */ = {isa = PBXBuildFile; fileRef = 464CBFEA17D985B2006A7250 /* ShootFrameDefault@2x.png */; };
		464E18E117D75E4700816CB6 /* CoreMedia.framework in Frameworks */ = {isa = PBXBuildFile; fileRef = 464E18E017D75E4700816CB6 /* CoreMedia.framework */; };
		464E18E317D75E4C00816CB6 /* CoreVideo.framework in Frameworks */ = {isa = PBXBuildFile; fileRef = 464E18E217D75E4C00816CB6 /* CoreVideo.framework */; };
		464E18E517D75E5200816CB6 /* ImageIO.framework in Frameworks */ = {isa = PBXBuildFile; fileRef = 464E18E417D75E5100816CB6 /* ImageIO.framework */; };
		464E18E717D75E5700816CB6 /* AssetsLibrary.framework in Frameworks */ = {isa = PBXBuildFile; fileRef = 464E18E617D75E5700816CB6 /* AssetsLibrary.framework */; };
		464E18E917D75E5D00816CB6 /* MobileCoreServices.framework in Frameworks */ = {isa = PBXBuildFile; fileRef = 464E18E817D75E5D00816CB6 /* MobileCoreServices.framework */; };
		464E18EB17D75E6400816CB6 /* QuartzCore.framework in Frameworks */ = {isa = PBXBuildFile; fileRef = 464E18EA17D75E6400816CB6 /* QuartzCore.framework */; };
		464E18ED17D75E6900816CB6 /* AVFoundation.framework in Frameworks */ = {isa = PBXBuildFile; fileRef = 464E18EC17D75E6900816CB6 /* AVFoundation.framework */; };
		46BE37A117D4932700E33BC6 /* UIKit.framework in Frameworks */ = {isa = PBXBuildFile; fileRef = 46BE37A017D4932700E33BC6 /* UIKit.framework */; };
		46BE37A317D4932700E33BC6 /* Foundation.framework in Frameworks */ = {isa = PBXBuildFile; fileRef = 46BE37A217D4932700E33BC6 /* Foundation.framework */; };
		46BE37A517D4932700E33BC6 /* CoreGraphics.framework in Frameworks */ = {isa = PBXBuildFile; fileRef = 46BE37A417D4932700E33BC6 /* CoreGraphics.framework */; };
		46BE37AB17D4932700E33BC6 /* InfoPlist.strings in Resources */ = {isa = PBXBuildFile; fileRef = 46BE37A917D4932700E33BC6 /* InfoPlist.strings */; };
		46BE37AD17D4932700E33BC6 /* main.m in Sources */ = {isa = PBXBuildFile; fileRef = 46BE37AC17D4932700E33BC6 /* main.m */; };
		46BE37B117D4932700E33BC6 /* AppDelegate.m in Sources */ = {isa = PBXBuildFile; fileRef = 46BE37B017D4932700E33BC6 /* AppDelegate.m */; };
		46BE37B317D4932700E33BC6 /* Default.png in Resources */ = {isa = PBXBuildFile; fileRef = 46BE37B217D4932700E33BC6 /* Default.png */; };
		46BE37B517D4932700E33BC6 /* Default@2x.png in Resources */ = {isa = PBXBuildFile; fileRef = 46BE37B417D4932700E33BC6 /* Default@2x.png */; };
		46BE37B717D4932700E33BC6 /* Default-568h@2x.png in Resources */ = {isa = PBXBuildFile; fileRef = 46BE37B617D4932700E33BC6 /* Default-568h@2x.png */; };
/* End PBXBuildFile section */

/* Begin PBXFileReference section */
		464B52A017D8D606000BC72F /* EGORefreshTableHeaderView.h */ = {isa = PBXFileReference; fileEncoding = 4; lastKnownFileType = sourcecode.c.h; path = EGORefreshTableHeaderView.h; sourceTree = "<group>"; };
		464B52A117D8D606000BC72F /* EGORefreshTableHeaderView.m */ = {isa = PBXFileReference; fileEncoding = 4; lastKnownFileType = sourcecode.c.objc; path = EGORefreshTableHeaderView.m; sourceTree = "<group>"; };
		464B52A217D8D606000BC72F /* Tool.h */ = {isa = PBXFileReference; fileEncoding = 4; lastKnownFileType = sourcecode.c.h; path = Tool.h; sourceTree = "<group>"; };
		464B52A317D8D606000BC72F /* Tool.m */ = {isa = PBXFileReference; fileEncoding = 4; lastKnownFileType = sourcecode.c.objc; path = Tool.m; sourceTree = "<group>"; };
		464B52A917D8D6B8000BC72F /* AudioToolbox.framework */ = {isa = PBXFileReference; lastKnownFileType = wrapper.framework; name = AudioToolbox.framework; path = System/Library/Frameworks/AudioToolbox.framework; sourceTree = SDKROOT; };
		464B531D17D8DEBC000BC72F /* AVCamCaptureManager.h */ = {isa = PBXFileReference; fileEncoding = 4; lastKnownFileType = sourcecode.c.h; path = AVCamCaptureManager.h; sourceTree = "<group>"; };
		464B531E17D8DEBC000BC72F /* AVCamCaptureManager.m */ = {isa = PBXFileReference; fileEncoding = 4; lastKnownFileType = sourcecode.c.objc; path = AVCamCaptureManager.m; sourceTree = "<group>"; };
		464B531F17D8DEBC000BC72F /* AVCamRecorder.h */ = {isa = PBXFileReference; fileEncoding = 4; lastKnownFileType = sourcecode.c.h; path = AVCamRecorder.h; sourceTree = "<group>"; };
		464B532017D8DEBC000BC72F /* AVCamRecorder.m */ = {isa = PBXFileReference; fileEncoding = 4; lastKnownFileType = sourcecode.c.objc; path = AVCamRecorder.m; sourceTree = "<group>"; };
		464B532117D8DEBC000BC72F /* AVCamUtilities.h */ = {isa = PBXFileReference; fileEncoding = 4; lastKnownFileType = sourcecode.c.h; path = AVCamUtilities.h; sourceTree = "<group>"; };
		464B532217D8DEBC000BC72F /* AVCamUtilities.m */ = {isa = PBXFileReference; fileEncoding = 4; lastKnownFileType = sourcecode.c.objc; path = AVCamUtilities.m; sourceTree = "<group>"; };
		464B533B17D8DEBC000BC72F /* VenoCameraViewController.h */ = {isa = PBXFileReference; fileEncoding = 4; lastKnownFileType = sourcecode.c.h; path = VenoCameraViewController.h; sourceTree = "<group>"; };
		464B533C17D8DEBC000BC72F /* VenoCameraViewController.m */ = {isa = PBXFileReference; fileEncoding = 4; lastKnownFileType = sourcecode.c.objc; path = VenoCameraViewController.m; sourceTree = "<group>"; };
		464CBFD917D985B2006A7250 /* ActionCancelDefault.png */ = {isa = PBXFileReference; lastKnownFileType = image.png; path = ActionCancelDefault.png; sourceTree = "<group>"; };
		464CBFDA17D985B2006A7250 /* ActionCancelDefault@2x.png */ = {isa = PBXFileReference; lastKnownFileType = image.png; path = "ActionCancelDefault@2x.png"; sourceTree = "<group>"; };
		464CBFDB17D985B2006A7250 /* ActionCancelPressed.png */ = {isa = PBXFileReference; lastKnownFileType = image.png; path = ActionCancelPressed.png; sourceTree = "<group>"; };
		464CBFDC17D985B2006A7250 /* ActionCancelPressed@2x.png */ = {isa = PBXFileReference; lastKnownFileType = image.png; path = "ActionCancelPressed@2x.png"; sourceTree = "<group>"; };
		464CBFDD17D985B2006A7250 /* ActionDoneDisabled.png */ = {isa = PBXFileReference; lastKnownFileType = image.png; path = ActionDoneDisabled.png; sourceTree = "<group>"; };
		464CBFDE17D985B2006A7250 /* ActionDoneDisabled@2x.png */ = {isa = PBXFileReference; lastKnownFileType = image.png; path = "ActionDoneDisabled@2x.png"; sourceTree = "<group>"; };
		464CBFDF17D985B2006A7250 /* ActionDoneEnabled.png */ = {isa = PBXFileReference; lastKnownFileType = image.png; path = ActionDoneEnabled.png; sourceTree = "<group>"; };
		464CBFE017D985B2006A7250 /* ActionDoneEnabled@2x.png */ = {isa = PBXFileReference; lastKnownFileType = image.png; path = "ActionDoneEnabled@2x.png"; sourceTree = "<group>"; };
		464CBFE117D985B2006A7250 /* ActionDonePressed.png */ = {isa = PBXFileReference; lastKnownFileType = image.png; path = ActionDonePressed.png; sourceTree = "<group>"; };
		464CBFE217D985B2006A7250 /* ActionDonePressed@2x.png */ = {isa = PBXFileReference; lastKnownFileType = image.png; path = "ActionDonePressed@2x.png"; sourceTree = "<group>"; };
		464CBFE317D985B2006A7250 /* LastViewDefault.png */ = {isa = PBXFileReference; lastKnownFileType = image.png; path = LastViewDefault.png; sourceTree = "<group>"; };
		464CBFE417D985B2006A7250 /* LastViewDefault@2x.png */ = {isa = PBXFileReference; lastKnownFileType = image.png; path = "LastViewDefault@2x.png"; sourceTree = "<group>"; };
		464CBFE517D985B2006A7250 /* ShootCamerasDefault.png */ = {isa = PBXFileReference; lastKnownFileType = image.png; path = ShootCamerasDefault.png; sourceTree = "<group>"; };
		464CBFE617D985B2006A7250 /* ShootCamerasDefault@2x.png */ = {isa = PBXFileReference; lastKnownFileType = image.png; path = "ShootCamerasDefault@2x.png"; sourceTree = "<group>"; };
		464CBFE717D985B2006A7250 /* ShootFocusDefault.png */ = {isa = PBXFileReference; lastKnownFileType = image.png; path = ShootFocusDefault.png; sourceTree = "<group>"; };
		464CBFE817D985B2006A7250 /* ShootFocusDefault@2x.png */ = {isa = PBXFileReference; lastKnownFileType = image.png; path = "ShootFocusDefault@2x.png"; sourceTree = "<group>"; };
		464CBFE917D985B2006A7250 /* ShootFrameDefault.png */ = {isa = PBXFileReference; lastKnownFileType = image.png; path = ShootFrameDefault.png; sourceTree = "<group>"; };
		464CBFEA17D985B2006A7250 /* ShootFrameDefault@2x.png */ = {isa = PBXFileReference; lastKnownFileType = image.png; path = "ShootFrameDefault@2x.png"; sourceTree = "<group>"; };
		464E18E017D75E4700816CB6 /* CoreMedia.framework */ = {isa = PBXFileReference; lastKnownFileType = wrapper.framework; name = CoreMedia.framework; path = System/Library/Frameworks/CoreMedia.framework; sourceTree = SDKROOT; };
		464E18E217D75E4C00816CB6 /* CoreVideo.framework */ = {isa = PBXFileReference; lastKnownFileType = wrapper.framework; name = CoreVideo.framework; path = System/Library/Frameworks/CoreVideo.framework; sourceTree = SDKROOT; };
		464E18E417D75E5100816CB6 /* ImageIO.framework */ = {isa = PBXFileReference; lastKnownFileType = wrapper.framework; name = ImageIO.framework; path = System/Library/Frameworks/ImageIO.framework; sourceTree = SDKROOT; };
		464E18E617D75E5700816CB6 /* AssetsLibrary.framework */ = {isa = PBXFileReference; lastKnownFileType = wrapper.framework; name = AssetsLibrary.framework; path = System/Library/Frameworks/AssetsLibrary.framework; sourceTree = SDKROOT; };
		464E18E817D75E5D00816CB6 /* MobileCoreServices.framework */ = {isa = PBXFileReference; lastKnownFileType = wrapper.framework; name = MobileCoreServices.framework; path = System/Library/Frameworks/MobileCoreServices.framework; sourceTree = SDKROOT; };
		464E18EA17D75E6400816CB6 /* QuartzCore.framework */ = {isa = PBXFileReference; lastKnownFileType = wrapper.framework; name = QuartzCore.framework; path = System/Library/Frameworks/QuartzCore.framework; sourceTree = SDKROOT; };
		464E18EC17D75E6900816CB6 /* AVFoundation.framework */ = {isa = PBXFileReference; lastKnownFileType = wrapper.framework; name = AVFoundation.framework; path = System/Library/Frameworks/AVFoundation.framework; sourceTree = SDKROOT; };
		46BE379D17D4932700E33BC6 /* veno.app */ = {isa = PBXFileReference; explicitFileType = wrapper.application; includeInIndex = 0; path = veno.app; sourceTree = BUILT_PRODUCTS_DIR; };
		46BE37A017D4932700E33BC6 /* UIKit.framework */ = {isa = PBXFileReference; lastKnownFileType = wrapper.framework; name = UIKit.framework; path = System/Library/Frameworks/UIKit.framework; sourceTree = SDKROOT; };
		46BE37A217D4932700E33BC6 /* Foundation.framework */ = {isa = PBXFileReference; lastKnownFileType = wrapper.framework; name = Foundation.framework; path = System/Library/Frameworks/Foundation.framework; sourceTree = SDKROOT; };
		46BE37A417D4932700E33BC6 /* CoreGraphics.framework */ = {isa = PBXFileReference; lastKnownFileType = wrapper.framework; name = CoreGraphics.framework; path = System/Library/Frameworks/CoreGraphics.framework; sourceTree = SDKROOT; };
		46BE37A817D4932700E33BC6 /* veno-Info.plist */ = {isa = PBXFileReference; lastKnownFileType = text.plist.xml; path = "veno-Info.plist"; sourceTree = "<group>"; };
		46BE37AA17D4932700E33BC6 /* en */ = {isa = PBXFileReference; lastKnownFileType = text.plist.strings; name = en; path = en.lproj/InfoPlist.strings; sourceTree = "<group>"; };
		46BE37AC17D4932700E33BC6 /* main.m */ = {isa = PBXFileReference; lastKnownFileType = sourcecode.c.objc; path = main.m; sourceTree = "<group>"; };
		46BE37AE17D4932700E33BC6 /* veno-Prefix.pch */ = {isa = PBXFileReference; lastKnownFileType = sourcecode.c.h; path = "veno-Prefix.pch"; sourceTree = "<group>"; };
		46BE37AF17D4932700E33BC6 /* AppDelegate.h */ = {isa = PBXFileReference; lastKnownFileType = sourcecode.c.h; path = AppDelegate.h; sourceTree = "<group>"; };
		46BE37B017D4932700E33BC6 /* AppDelegate.m */ = {isa = PBXFileReference; lastKnownFileType = sourcecode.c.objc; path = AppDelegate.m; sourceTree = "<group>"; };
		46BE37B217D4932700E33BC6 /* Default.png */ = {isa = PBXFileReference; lastKnownFileType = image.png; path = Default.png; sourceTree = "<group>"; };
		46BE37B417D4932700E33BC6 /* Default@2x.png */ = {isa = PBXFileReference; lastKnownFileType = image.png; path = "Default@2x.png"; sourceTree = "<group>"; };
		46BE37B617D4932700E33BC6 /* Default-568h@2x.png */ = {isa = PBXFileReference; lastKnownFileType = image.png; path = "Default-568h@2x.png"; sourceTree = "<group>"; };
/* End PBXFileReference section */

/* Begin PBXFrameworksBuildPhase section */
		46BE379A17D4932700E33BC6 /* Frameworks */ = {
			isa = PBXFrameworksBuildPhase;
			buildActionMask = 2147483647;
			files = (
				464B52AA17D8D6B8000BC72F /* AudioToolbox.framework in Frameworks */,
				464E18ED17D75E6900816CB6 /* AVFoundation.framework in Frameworks */,
				464E18EB17D75E6400816CB6 /* QuartzCore.framework in Frameworks */,
				464E18E917D75E5D00816CB6 /* MobileCoreServices.framework in Frameworks */,
				464E18E717D75E5700816CB6 /* AssetsLibrary.framework in Frameworks */,
				464E18E517D75E5200816CB6 /* ImageIO.framework in Frameworks */,
				464E18E317D75E4C00816CB6 /* CoreVideo.framework in Frameworks */,
				464E18E117D75E4700816CB6 /* CoreMedia.framework in Frameworks */,
				46BE37A117D4932700E33BC6 /* UIKit.framework in Frameworks */,
				46BE37A317D4932700E33BC6 /* Foundation.framework in Frameworks */,
				46BE37A517D4932700E33BC6 /* CoreGraphics.framework in Frameworks */,
			);
			runOnlyForDeploymentPostprocessing = 0;
		};
/* End PBXFrameworksBuildPhase section */

/* Begin PBXGroup section */
		464B529F17D8D606000BC72F /* UIHelper */ = {
			isa = PBXGroup;
			children = (
				464B52A017D8D606000BC72F /* EGORefreshTableHeaderView.h */,
				464B52A117D8D606000BC72F /* EGORefreshTableHeaderView.m */,
				464B52A217D8D606000BC72F /* Tool.h */,
				464B52A317D8D606000BC72F /* Tool.m */,
			);
			path = UIHelper;
			sourceTree = "<group>";
		};
		464B531C17D8DEBC000BC72F /* StoryCamera */ = {
			isa = PBXGroup;
			children = (
				464CBFFD17D985B7006A7250 /* Resource */,
				464B531D17D8DEBC000BC72F /* AVCamCaptureManager.h */,
				464B531E17D8DEBC000BC72F /* AVCamCaptureManager.m */,
				464B531F17D8DEBC000BC72F /* AVCamRecorder.h */,
				464B532017D8DEBC000BC72F /* AVCamRecorder.m */,
				464B532117D8DEBC000BC72F /* AVCamUtilities.h */,
				464B532217D8DEBC000BC72F /* AVCamUtilities.m */,
				464B533B17D8DEBC000BC72F /* VenoCameraViewController.h */,
				464B533C17D8DEBC000BC72F /* VenoCameraViewController.m */,
			);
			path = StoryCamera;
			sourceTree = "<group>";
		};
		464CBFFD17D985B7006A7250 /* Resource */ = {
			isa = PBXGroup;
			children = (
				464CBFD917D985B2006A7250 /* ActionCancelDefault.png */,
				464CBFDA17D985B2006A7250 /* ActionCancelDefault@2x.png */,
				464CBFDB17D985B2006A7250 /* ActionCancelPressed.png */,
				464CBFDC17D985B2006A7250 /* ActionCancelPressed@2x.png */,
				464CBFDD17D985B2006A7250 /* ActionDoneDisabled.png */,
				464CBFDE17D985B2006A7250 /* ActionDoneDisabled@2x.png */,
				464CBFDF17D985B2006A7250 /* ActionDoneEnabled.png */,
				464CBFE017D985B2006A7250 /* ActionDoneEnabled@2x.png */,
				464CBFE117D985B2006A7250 /* ActionDonePressed.png */,
				464CBFE217D985B2006A7250 /* ActionDonePressed@2x.png */,
				464CBFE317D985B2006A7250 /* LastViewDefault.png */,
				464CBFE417D985B2006A7250 /* LastViewDefault@2x.png */,
				464CBFE517D985B2006A7250 /* ShootCamerasDefault.png */,
				464CBFE617D985B2006A7250 /* ShootCamerasDefault@2x.png */,
				464CBFE717D985B2006A7250 /* ShootFocusDefault.png */,
				464CBFE817D985B2006A7250 /* ShootFocusDefault@2x.png */,
				464CBFE917D985B2006A7250 /* ShootFrameDefault.png */,
				464CBFEA17D985B2006A7250 /* ShootFrameDefault@2x.png */,
			);
			name = Resource;
			sourceTree = "<group>";
		};
		46BE379417D4932700E33BC6 = {
			isa = PBXGroup;
			children = (
				464B531C17D8DEBC000BC72F /* StoryCamera */,
				464B529F17D8D606000BC72F /* UIHelper */,
				46BE37A617D4932700E33BC6 /* veno */,
				46BE379F17D4932700E33BC6 /* Frameworks */,
				46BE379E17D4932700E33BC6 /* Products */,
			);
			sourceTree = "<group>";
		};
		46BE379E17D4932700E33BC6 /* Products */ = {
			isa = PBXGroup;
			children = (
				46BE379D17D4932700E33BC6 /* veno.app */,
			);
			name = Products;
			sourceTree = "<group>";
		};
		46BE379F17D4932700E33BC6 /* Frameworks */ = {
			isa = PBXGroup;
			children = (
				464B52A917D8D6B8000BC72F /* AudioToolbox.framework */,
				464E18EC17D75E6900816CB6 /* AVFoundation.framework */,
				464E18EA17D75E6400816CB6 /* QuartzCore.framework */,
				464E18E817D75E5D00816CB6 /* MobileCoreServices.framework */,
				464E18E617D75E5700816CB6 /* AssetsLibrary.framework */,
				464E18E417D75E5100816CB6 /* ImageIO.framework */,
				464E18E217D75E4C00816CB6 /* CoreVideo.framework */,
				464E18E017D75E4700816CB6 /* CoreMedia.framework */,
				46BE37A017D4932700E33BC6 /* UIKit.framework */,
				46BE37A217D4932700E33BC6 /* Foundation.framework */,
				46BE37A417D4932700E33BC6 /* CoreGraphics.framework */,
			);
			name = Frameworks;
			sourceTree = "<group>";
		};
		46BE37A617D4932700E33BC6 /* veno */ = {
			isa = PBXGroup;
			children = (
				46BE37AF17D4932700E33BC6 /* AppDelegate.h */,
				46BE37B017D4932700E33BC6 /* AppDelegate.m */,
				46BE37A717D4932700E33BC6 /* Supporting Files */,
			);
			path = veno;
			sourceTree = "<group>";
		};
		46BE37A717D4932700E33BC6 /* Supporting Files */ = {
			isa = PBXGroup;
			children = (
				46BE37A817D4932700E33BC6 /* veno-Info.plist */,
				46BE37A917D4932700E33BC6 /* InfoPlist.strings */,
				46BE37AC17D4932700E33BC6 /* main.m */,
				46BE37AE17D4932700E33BC6 /* veno-Prefix.pch */,
				46BE37B217D4932700E33BC6 /* Default.png */,
				46BE37B417D4932700E33BC6 /* Default@2x.png */,
				46BE37B617D4932700E33BC6 /* Default-568h@2x.png */,
			);
			name = "Supporting Files";
			sourceTree = "<group>";
		};
/* End PBXGroup section */

/* Begin PBXNativeTarget section */
		46BE379C17D4932700E33BC6 /* veno */ = {
			isa = PBXNativeTarget;
			buildConfigurationList = 46BE37BA17D4932700E33BC6 /* Build configuration list for PBXNativeTarget "veno" */;
			buildPhases = (
				46BE379917D4932700E33BC6 /* Sources */,
				46BE379A17D4932700E33BC6 /* Frameworks */,
				46BE379B17D4932700E33BC6 /* Resources */,
			);
			buildRules = (
			);
			dependencies = (
			);
			name = veno;
			productName = veno;
			productReference = 46BE379D17D4932700E33BC6 /* veno.app */;
			productType = "com.apple.product-type.application";
		};
/* End PBXNativeTarget section */

/* Begin PBXProject section */
		46BE379517D4932700E33BC6 /* Project object */ = {
			isa = PBXProject;
			attributes = {
				LastUpgradeCheck = 0460;
				ORGANIZATIONNAME = vikaa;
			};
			buildConfigurationList = 46BE379817D4932700E33BC6 /* Build configuration list for PBXProject "veno" */;
			compatibilityVersion = "Xcode 3.2";
			developmentRegion = English;
			hasScannedForEncodings = 0;
			knownRegions = (
				en,
			);
			mainGroup = 46BE379417D4932700E33BC6;
			productRefGroup = 46BE379E17D4932700E33BC6 /* Products */;
			projectDirPath = "";
			projectRoot = "";
			targets = (
				46BE379C17D4932700E33BC6 /* veno */,
			);
		};
/* End PBXProject section */

/* Begin PBXResourcesBuildPhase section */
		46BE379B17D4932700E33BC6 /* Resources */ = {
			isa = PBXResourcesBuildPhase;
			buildActionMask = 2147483647;
			files = (
				46BE37AB17D4932700E33BC6 /* InfoPlist.strings in Resources */,
				46BE37B317D4932700E33BC6 /* Default.png in Resources */,
				46BE37B517D4932700E33BC6 /* Default@2x.png in Resources */,
				46BE37B717D4932700E33BC6 /* Default-568h@2x.png in Resources */,
				464CBFEB17D985B2006A7250 /* ActionCancelDefault.png in Resources */,
				464CBFEC17D985B2006A7250 /* ActionCancelDefault@2x.png in Resources */,
				464CBFED17D985B2006A7250 /* ActionCancelPressed.png in Resources */,
				464CBFEE17D985B2006A7250 /* ActionCancelPressed@2x.png in Resources */,
				464CBFEF17D985B2006A7250 /* ActionDoneDisabled.png in Resources */,
				464CBFF017D985B2006A7250 /* ActionDoneDisabled@2x.png in Resources */,
				464CBFF117D985B2006A7250 /* ActionDoneEnabled.png in Resources */,
				464CBFF217D985B2006A7250 /* ActionDoneEnabled@2x.png in Resources */,
				464CBFF317D985B2006A7250 /* ActionDonePressed.png in Resources */,
				464CBFF417D985B2006A7250 /* ActionDonePressed@2x.png in Resources */,
				464CBFF517D985B2006A7250 /* LastViewDefault.png in Resources */,
				464CBFF617D985B2006A7250 /* LastViewDefault@2x.png in Resources */,
				464CBFF717D985B2006A7250 /* ShootCamerasDefault.png in Resources */,
				464CBFF817D985B2006A7250 /* ShootCamerasDefault@2x.png in Resources */,
				464CBFF917D985B2006A7250 /* ShootFocusDefault.png in Resources */,
				464CBFFA17D985B2006A7250 /* ShootFocusDefault@2x.png in Resources */,
				464CBFFB17D985B2006A7250 /* ShootFrameDefault.png in Resources */,
				464CBFFC17D985B2006A7250 /* ShootFrameDefault@2x.png in Resources */,
			);
			runOnlyForDeploymentPostprocessing = 0;
		};
/* End PBXResourcesBuildPhase section */

/* Begin PBXSourcesBuildPhase section */
		46BE379917D4932700E33BC6 /* Sources */ = {
			isa = PBXSourcesBuildPhase;
			buildActionMask = 2147483647;
			files = (
				46BE37AD17D4932700E33BC6 /* main.m in Sources */,
				46BE37B117D4932700E33BC6 /* AppDelegate.m in Sources */,
				464B52A617D8D606000BC72F /* EGORefreshTableHeaderView.m in Sources */,
				464B52A717D8D606000BC72F /* Tool.m in Sources */,
				464B533D17D8DEBC000BC72F /* AVCamCaptureManager.m in Sources */,
				464B533E17D8DEBC000BC72F /* AVCamRecorder.m in Sources */,
				464B533F17D8DEBC000BC72F /* AVCamUtilities.m in Sources */,
				464B535817D8DEBC000BC72F /* VenoCameraViewController.m in Sources */,
			);
			runOnlyForDeploymentPostprocessing = 0;
		};
/* End PBXSourcesBuildPhase section */

/* Begin PBXVariantGroup section */
		46BE37A917D4932700E33BC6 /* InfoPlist.strings */ = {
			isa = PBXVariantGroup;
			children = (
				46BE37AA17D4932700E33BC6 /* en */,
			);
			name = InfoPlist.strings;
			sourceTree = "<group>";
		};
/* End PBXVariantGroup section */

/* Begin XCBuildConfiguration section */
		46BE37B817D4932700E33BC6 /* Debug */ = {
			isa = XCBuildConfiguration;
			buildSettings = {
				ALWAYS_SEARCH_USER_PATHS = NO;
				CLANG_CXX_LANGUAGE_STANDARD = "gnu++0x";
				CLANG_CXX_LIBRARY = "libc++";
				CLANG_ENABLE_OBJC_ARC = YES;
				CLANG_WARN_CONSTANT_CONVERSION = YES;
				CLANG_WARN_EMPTY_BODY = YES;
				CLANG_WARN_ENUM_CONVERSION = YES;
				CLANG_WARN_INT_CONVERSION = YES;
				CLANG_WARN__DUPLICATE_METHOD_MATCH = YES;
				"CODE_SIGN_IDENTITY[sdk=iphoneos*]" = "iPhone Developer";
				COPY_PHASE_STRIP = NO;
				GCC_C_LANGUAGE_STANDARD = gnu99;
				GCC_DYNAMIC_NO_PIC = NO;
				GCC_OPTIMIZATION_LEVEL = 0;
				GCC_PREPROCESSOR_DEFINITIONS = (
					"DEBUG=1",
					"$(inherited)",
				);
				GCC_SYMBOLS_PRIVATE_EXTERN = NO;
				GCC_WARN_ABOUT_RETURN_TYPE = YES;
				GCC_WARN_UNINITIALIZED_AUTOS = YES;
				GCC_WARN_UNUSED_VARIABLE = YES;
				IPHONEOS_DEPLOYMENT_TARGET = 5.0;
				ONLY_ACTIVE_ARCH = YES;
				SDKROOT = iphoneos;
			};
			name = Debug;
		};
		46BE37B917D4932700E33BC6 /* Release */ = {
			isa = XCBuildConfiguration;
			buildSettings = {
				ALWAYS_SEARCH_USER_PATHS = NO;
				CLANG_CXX_LANGUAGE_STANDARD = "gnu++0x";
				CLANG_CXX_LIBRARY = "libc++";
				CLANG_ENABLE_OBJC_ARC = YES;
				CLANG_WARN_CONSTANT_CONVERSION = YES;
				CLANG_WARN_EMPTY_BODY = YES;
				CLANG_WARN_ENUM_CONVERSION = YES;
				CLANG_WARN_INT_CONVERSION = YES;
				CLANG_WARN__DUPLICATE_METHOD_MATCH = YES;
				"CODE_SIGN_IDENTITY[sdk=iphoneos*]" = "iPhone Developer";
				COPY_PHASE_STRIP = YES;
				GCC_C_LANGUAGE_STANDARD = gnu99;
				GCC_WARN_ABOUT_RETURN_TYPE = YES;
				GCC_WARN_UNINITIALIZED_AUTOS = YES;
				GCC_WARN_UNUSED_VARIABLE = YES;
				IPHONEOS_DEPLOYMENT_TARGET = 5.0;
				OTHER_CFLAGS = "-DNS_BLOCK_ASSERTIONS=1";
				SDKROOT = iphoneos;
				VALIDATE_PRODUCT = YES;
			};
			name = Release;
		};
		46BE37BB17D4932700E33BC6 /* Debug */ = {
			isa = XCBuildConfiguration;
			buildSettings = {
				GCC_PRECOMPILE_PREFIX_HEADER = YES;
				GCC_PREFIX_HEADER = "veno/veno-Prefix.pch";
				INFOPLIST_FILE = "veno/veno-Info.plist";
				IPHONEOS_DEPLOYMENT_TARGET = 5.0;
				PRODUCT_NAME = "$(TARGET_NAME)";
				WRAPPER_EXTENSION = app;
			};
			name = Debug;
		};
		46BE37BC17D4932700E33BC6 /* Release */ = {
			isa = XCBuildConfiguration;
			buildSettings = {
				GCC_PRECOMPILE_PREFIX_HEADER = YES;
				GCC_PREFIX_HEADER = "veno/veno-Prefix.pch";
				INFOPLIST_FILE = "veno/veno-Info.plist";
				IPHONEOS_DEPLOYMENT_TARGET = 5.0;
				PRODUCT_NAME = "$(TARGET_NAME)";
				WRAPPER_EXTENSION = app;
			};
			name = Release;
		};
/* End XCBuildConfiguration section */

/* Begin XCConfigurationList section */
		46BE379817D4932700E33BC6 /* Build configuration list for PBXProject "veno" */ = {
			isa = XCConfigurationList;
			buildConfigurations = (
				46BE37B817D4932700E33BC6 /* Debug */,
				46BE37B917D4932700E33BC6 /* Release */,
			);
			defaultConfigurationIsVisible = 0;
			defaultConfigurationName = Release;
		};
		46BE37BA17D4932700E33BC6 /* Build configuration list for PBXNativeTarget "veno" */ = {
			isa = XCConfigurationList;
			buildConfigurations = (
				46BE37BB17D4932700E33BC6 /* Debug */,
				46BE37BC17D4932700E33BC6 /* Release */,
			);
			defaultConfigurationIsVisible = 0;
			defaultConfigurationName = Release;
		};
/* End XCConfigurationList section */
	};
	rootObject = 46BE379517D4932700E33BC6 /* Project object */;
}
